
Microsoft Visual Studio Solution File, Format Version 12.00
# Visual Studio Version 16
VisualStudioVersion = 16.0.29519.181
MinimumVisualStudioVersion = 10.0.40219.1
Project("{9A19103F-16F7-4668-BE54-9A1E7A4F7556}") = "Softimos.FullStackBattles.WebApi", "Softimos.FullStackBattles.WebApi\Softimos.FullStackBattles.WebApi.csproj", "{3ED312D5-64F8-458C-B921-EEB4037DBA56}"
EndProject
Project("{9A19103F-16F7-4668-BE54-9A1E7A4F7556}") = "Softimos.FullStackBattles.DTO", "Softimos.FullStackBattles.DTO\Softimos.FullStackBattles.DTO.csproj", "{81B43774-6A75-48E4-B452-AE5400009488}"
EndProject
Project("{9A19103F-16F7-4668-BE54-9A1E7A4F7556}") = "Softimos.FullStackBattles.Database", "Softimos.FullStackBattles.Database\Softimos.FullStackBattles.Database.csproj", "{72B16538-2E3B-4679-B6ED-B6ED2B994297}"
EndProject
Project("{9A19103F-16F7-4668-BE54-9A1E7A4F7556}") = "Softimos.FullStackBattles.DAL", "Softimos.FullStackBattles.DAL\Softimos.FullStackBattles.DAL.csproj", "{06B13F7A-052E-4E88-B58E-ED534AA98D05}"
EndProject
Project("{9A19103F-16F7-4668-BE54-9A1E7A4F7556}") = "Softimos.FullStackBattles.WebUI", "Softimos.FullStackBattles.WebUI\Softimos.FullStackBattles.WebUI.csproj", "{EFAE6C9A-290A-4814-A562-03EA34A695BB}"
EndProject
Project("{2150E333-8FDC-42A3-9474-1A3956D46DE8}") = "Tests", "Tests", "{3240336C-DF44-4D36-9740-8650D91F8207}"
EndProject
Project("{9A19103F-16F7-4668-BE54-9A1E7A4F7556}") = "Softimos.FullStackBattles.WebApi.Tests", "Softimos.FullStackBattles.WebApi.Tests\Softimos.FullStackBattles.WebApi.Tests.csproj", "{AA52F480-605F-45FB-960B-358853503EA1}"
EndProject
Global
	GlobalSection(SolutionConfigurationPlatforms) = preSolution
		Debug|Any CPU = Debug|Any CPU
		Release|Any CPU = Release|Any CPU
	EndGlobalSection
	GlobalSection(ProjectConfigurationPlatforms) = postSolution
		{3ED312D5-64F8-458C-B921-EEB4037DBA56}.Debug|Any CPU.ActiveCfg = Debug|Any CPU
		{3ED312D5-64F8-458C-B921-EEB4037DBA56}.Debug|Any CPU.Build.0 = Debug|Any CPU
		{3ED312D5-64F8-458C-B921-EEB4037DBA56}.Release|Any CPU.ActiveCfg = Release|Any CPU
		{3ED312D5-64F8-458C-B921-EEB4037DBA56}.Release|Any CPU.Build.0 = Release|Any CPU
		{81B43774-6A75-48E4-B452-AE5400009488}.Debug|Any CPU.ActiveCfg = Debug|Any CPU
		{81B43774-6A75-48E4-B452-AE5400009488}.Debug|Any CPU.Build.0 = Debug|Any CPU
		{81B43774-6A75-48E4-B452-AE5400009488}.Release|Any CPU.ActiveCfg = Release|Any CPU
		{81B43774-6A75-48E4-B452-AE5400009488}.Release|Any CPU.Build.0 = Release|Any CPU
		{72B16538-2E3B-4679-B6ED-B6ED2B994297}.Debug|Any CPU.ActiveCfg = Debug|Any CPU
		{72B16538-2E3B-4679-B6ED-B6ED2B994297}.Debug|Any CPU.Build.0 = Debug|Any CPU
		{72B16538-2E3B-4679-B6ED-B6ED2B994297}.Release|Any CPU.ActiveCfg = Release|Any CPU
		{72B16538-2E3B-4679-B6ED-B6ED2B994297}.Release|Any CPU.Build.0 = Release|Any CPU
		{06B13F7A-052E-4E88-B58E-ED534AA98D05}.Debug|Any CPU.ActiveCfg = Debug|Any CPU
		{06B13F7A-052E-4E88-B58E-ED534AA98D05}.Debug|Any CPU.Build.0 = Debug|Any CPU
		{06B13F7A-052E-4E88-B58E-ED534AA98D05}.Release|Any CPU.ActiveCfg = Release|Any CPU
		{06B13F7A-052E-4E88-B58E-ED534AA98D05}.Release|Any CPU.Build.0 = Release|Any CPU
		{EFAE6C9A-290A-4814-A562-03EA34A695BB}.Debug|Any CPU.ActiveCfg = Debug|Any CPU
		{EFAE6C9A-290A-4814-A562-03EA34A695BB}.Debug|Any CPU.Build.0 = Debug|Any CPU
		{EFAE6C9A-290A-4814-A562-03EA34A695BB}.Release|Any CPU.ActiveCfg = Release|Any CPU
		{EFAE6C9A-290A-4814-A562-03EA34A695BB}.Release|Any CPU.Build.0 = Release|Any CPU
		{AA52F480-605F-45FB-960B-358853503EA1}.Debug|Any CPU.ActiveCfg = Debug|Any CPU
		{AA52F480-605F-45FB-960B-358853503EA1}.Debug|Any CPU.Build.0 = Debug|Any CPU
		{AA52F480-605F-45FB-960B-358853503EA1}.Release|Any CPU.ActiveCfg = Release|Any CPU
		{AA52F480-605F-45FB-960B-358853503EA1}.Release|Any CPU.Build.0 = Release|Any CPU
	EndGlobalSection
	GlobalSection(SolutionProperties) = preSolution
		HideSolutionNode = FALSE
	EndGlobalSection
	GlobalSection(NestedProjects) = preSolution
		{AA52F480-605F-45FB-960B-358853503EA1} = {3240336C-DF44-4D36-9740-8650D91F8207}
	EndGlobalSection
	GlobalSection(ExtensibilityGlobals) = postSolution
		SolutionGuid = {3CD99869-E0C9-4DAC-961E-F9CDDD0AE1E0}
	EndGlobalSection
EndGlobal
